
Microsoft Visual Studio Solution File, Format Version 12.00
# Visual Studio Version 16
VisualStudioVersion = 16.0.30611.23
MinimumVisualStudioVersion = 10.0.40219.1
Project("{8BC9CEB8-8B4A-11D0-8D11-00A0C91BC942}") = "Lab1Proc", "Lab1Proc\Lab1Proc.vcxproj", "{1F4F16FA-FAC0-410D-8D6B-C2257FC640C7}"
EndProject
Project("{8BC9CEB8-8B4A-11D0-8D11-00A0C91BC942}") = "TestForLabProc", "TestForLabProc\TestForLabProc.vcxproj", "{B69A19F5-3B34-4655-B4CD-3286A5FD8749}"
EndProject
Global
	GlobalSection(SolutionConfigurationPlatforms) = preSolution
		Debug|x64 = Debug|x64
		Debug|x86 = Debug|x86
		Release|x64 = Release|x64
		Release|x86 = Release|x86
	EndGlobalSection
	GlobalSection(ProjectConfigurationPlatforms) = postSolution
		{1F4F16FA-FAC0-410D-8D6B-C2257FC640C7}.Debug|x64.ActiveCfg = Debug|x64
		{1F4F16FA-FAC0-410D-8D6B-C2257FC640C7}.Debug|x64.Build.0 = Debug|x64
		{1F4F16FA-FAC0-410D-8D6B-C2257FC640C7}.Debug|x86.ActiveCfg = Debug|Win32
		{1F4F16FA-FAC0-410D-8D6B-C2257FC640C7}.Debug|x86.Build.0 = Debug|Win32
		{1F4F16FA-FAC0-410D-8D6B-C2257FC640C7}.Release|x64.ActiveCfg = Release|x64
		{1F4F16FA-FAC0-410D-8D6B-C2257FC640C7}.Release|x64.Build.0 = Release|x64
		{1F4F16FA-FAC0-410D-8D6B-C2257FC640C7}.Release|x86.ActiveCfg = Release|Win32
		{1F4F16FA-FAC0-410D-8D6B-C2257FC640C7}.Release|x86.Build.0 = Release|Win32
		{B69A19F5-3B34-4655-B4CD-3286A5FD8749}.Debug|x64.ActiveCfg = Debug|x64
		{B69A19F5-3B34-4655-B4CD-3286A5FD8749}.Debug|x64.Build.0 = Debug|x64
		{B69A19F5-3B34-4655-B4CD-3286A5FD8749}.Debug|x86.ActiveCfg = Debug|Win32
		{B69A19F5-3B34-4655-B4CD-3286A5FD8749}.Debug|x86.Build.0 = Debug|Win32
		{B69A19F5-3B34-4655-B4CD-3286A5FD8749}.Release|x64.ActiveCfg = Release|x64
		{B69A19F5-3B34-4655-B4CD-3286A5FD8749}.Release|x64.Build.0 = Release|x64
		{B69A19F5-3B34-4655-B4CD-3286A5FD8749}.Release|x86.ActiveCfg = Release|Win32
		{B69A19F5-3B34-4655-B4CD-3286A5FD8749}.Release|x86.Build.0 = Release|Win32
	EndGlobalSection
	GlobalSection(SolutionProperties) = preSolution
		HideSolutionNode = FALSE
	EndGlobalSection
	GlobalSection(ExtensibilityGlobals) = postSolution
		SolutionGuid = {3A88C3A6-7E23-4B39-A073-E15C31DBB767}
	EndGlobalSection
EndGlobal
